
Microsoft Visual Studio Solution File, Format Version 12.00
# Visual Studio Version 16
VisualStudioVersion = 16.0.31205.134
MinimumVisualStudioVersion = 10.0.40219.1
Project("{FAE04EC0-301F-11D3-BF4B-00C04F79EFBC}") = "Tic-Tac-Toe tester", "Tic-Tac-Toe tester\Tic-Tac-Toe tester.csproj", "{723F2965-EBE5-4C11-AA01-5FC18EF434EF}"
EndProject
Global
	GlobalSection(SolutionConfigurationPlatforms) = preSolution
		Debug|Any CPU = Debug|Any CPU
		Release|Any CPU = Release|Any CPU
	EndGlobalSection
	GlobalSection(ProjectConfigurationPlatforms) = postSolution
		{723F2965-EBE5-4C11-AA01-5FC18EF434EF}.Debug|Any CPU.ActiveCfg = Debug|Any CPU
		{723F2965-EBE5-4C11-AA01-5FC18EF434EF}.Debug|Any CPU.Build.0 = Debug|Any CPU
		{723F2965-EBE5-4C11-AA01-5FC18EF434EF}.Release|Any CPU.ActiveCfg = Release|Any CPU
		{723F2965-EBE5-4C11-AA01-5FC18EF434EF}.Release|Any CPU.Build.0 = Release|Any CPU
	EndGlobalSection
	GlobalSection(SolutionProperties) = preSolution
		HideSolutionNode = FALSE
	EndGlobalSection
	GlobalSection(ExtensibilityGlobals) = postSolution
		SolutionGuid = {89450ACA-5F5C-4A14-BD8A-92F306DA6AC2}
	EndGlobalSection
EndGlobal
